{
  "version": 4,
  "terraform_version": "1.3.4",
  "serial": 2,
  "lineage": "6d7eab3a-a2bf-6fa9-7c62-15e07a316ee0",
  "outputs": {
    "output_welcome": {
      "value": "Welcome to BMW Tech Talent Day 2023",
      "type": "string"
    },
    "random_string": {
      "value": "VPBTUxXa�jlGiPGR",
      "type": "string"
    }
  },
  "resources": [
    {
      "mode": "managed",
      "type": "random_string",
      "name": "random",
      "provider": "provider[\"registry.terraform.io/hashicorp/random\"]",
      "instances": [
        {
          "schema_version": 2,
          "attributes": {
            "id": "VPBTUxXa\ufffdjlGiPGR",
            "keepers": null,
            "length": 16,
            "lower": true,
            "min_lower": 0,
            "min_numeric": 0,
            "min_special": 0,
            "min_upper": 0,
            "number": true,
            "numeric": true,
            "override_special": "/@£$",
            "result": "VPBTUxXa\ufffdjlGiPGR",
            "special": true,
            "upper": true
          },
          "sensitive_attributes": []
        }
      ]
    }
  ],
  "check_results": null
}
